
Microsoft Visual Studio Solution File, Format Version 12.00
# Visual Studio 2013
VisualStudioVersion = 12.0.21005.1
MinimumVisualStudioVersion = 10.0.40219.1
Project("{FAE04EC0-301F-11D3-BF4B-00C04F79EFBC}") = "PrototipoCompi", "PrototipoCompi\PrototipoCompi.csproj", "{4438E552-0BCF-4ED7-A5E5-9D33EAF4D5EF}"
EndProject
Project("{2150E333-8FDC-42A3-9474-1A3956D46DE8}") = "Solution Items", "Solution Items", "{AF069CBD-B0F4-456B-886B-DE95CBDDA9C5}"
EndProject
Global
	GlobalSection(SolutionConfigurationPlatforms) = preSolution
		Debug|Any CPU = Debug|Any CPU
		Release|Any CPU = Release|Any CPU
	EndGlobalSection
	GlobalSection(ProjectConfigurationPlatforms) = postSolution
		{4438E552-0BCF-4ED7-A5E5-9D33EAF4D5EF}.Debug|Any CPU.ActiveCfg = Debug|Any CPU
		{4438E552-0BCF-4ED7-A5E5-9D33EAF4D5EF}.Debug|Any CPU.Build.0 = Debug|Any CPU
		{4438E552-0BCF-4ED7-A5E5-9D33EAF4D5EF}.Release|Any CPU.ActiveCfg = Release|Any CPU
		{4438E552-0BCF-4ED7-A5E5-9D33EAF4D5EF}.Release|Any CPU.Build.0 = Release|Any CPU
	EndGlobalSection
	GlobalSection(SolutionProperties) = preSolution
		HideSolutionNode = FALSE
	EndGlobalSection
EndGlobal
